
Microsoft Visual Studio Solution File, Format Version 12.00
# Visual Studio Version 17
VisualStudioVersion = 17.8.34511.84
MinimumVisualStudioVersion = 10.0.40219.1
Project("{FAE04EC0-301F-11D3-BF4B-00C04F79EFBC}") = "Compiler", "Compiler\Compiler.csproj", "{81913E01-E37C-4644-9606-7D959A18032F}"
EndProject
Global
	GlobalSection(SolutionConfigurationPlatforms) = preSolution
		Debug|Any CPU = Debug|Any CPU
		Release|Any CPU = Release|Any CPU
	EndGlobalSection
	GlobalSection(ProjectConfigurationPlatforms) = postSolution
		{81913E01-E37C-4644-9606-7D959A18032F}.Debug|Any CPU.ActiveCfg = Debug|Any CPU
		{81913E01-E37C-4644-9606-7D959A18032F}.Debug|Any CPU.Build.0 = Debug|Any CPU
		{81913E01-E37C-4644-9606-7D959A18032F}.Release|Any CPU.ActiveCfg = Release|Any CPU
		{81913E01-E37C-4644-9606-7D959A18032F}.Release|Any CPU.Build.0 = Release|Any CPU
	EndGlobalSection
	GlobalSection(SolutionProperties) = preSolution
		HideSolutionNode = FALSE
	EndGlobalSection
	GlobalSection(ExtensibilityGlobals) = postSolution
		SolutionGuid = {F4333B64-AB77-4B03-93B7-241734EF8081}
	EndGlobalSection
EndGlobal
